
Microsoft Visual Studio Solution File, Format Version 12.00
# Visual Studio Version 17
VisualStudioVersion = 17.4.33213.308
MinimumVisualStudioVersion = 10.0.40219.1
Project("{FAE04EC0-301F-11D3-BF4B-00C04F79EFBC}") = "First program", "First program\First program.csproj", "{3B5CF128-1248-4149-9C65-2FCD01A3AA74}"
EndProject
Project("{FAE04EC0-301F-11D3-BF4B-00C04F79EFBC}") = "Params array", "..\Params array\Params array.csproj", "{FD952C5F-171E-492D-B1A1-BEBEC519F408}"
EndProject
Project("{FAE04EC0-301F-11D3-BF4B-00C04F79EFBC}") = "implicit varibles", "implicit varibles\implicit varibles.csproj", "{9FF16835-86F3-4148-99B7-402A7C31D79F}"
EndProject
Global
	GlobalSection(SolutionConfigurationPlatforms) = preSolution
		Debug|Any CPU = Debug|Any CPU
		Release|Any CPU = Release|Any CPU
	EndGlobalSection
	GlobalSection(ProjectConfigurationPlatforms) = postSolution
		{3B5CF128-1248-4149-9C65-2FCD01A3AA74}.Debug|Any CPU.ActiveCfg = Debug|Any CPU
		{3B5CF128-1248-4149-9C65-2FCD01A3AA74}.Debug|Any CPU.Build.0 = Debug|Any CPU
		{3B5CF128-1248-4149-9C65-2FCD01A3AA74}.Release|Any CPU.ActiveCfg = Release|Any CPU
		{3B5CF128-1248-4149-9C65-2FCD01A3AA74}.Release|Any CPU.Build.0 = Release|Any CPU
		{FD952C5F-171E-492D-B1A1-BEBEC519F408}.Debug|Any CPU.ActiveCfg = Debug|Any CPU
		{FD952C5F-171E-492D-B1A1-BEBEC519F408}.Debug|Any CPU.Build.0 = Debug|Any CPU
		{FD952C5F-171E-492D-B1A1-BEBEC519F408}.Release|Any CPU.ActiveCfg = Release|Any CPU
		{FD952C5F-171E-492D-B1A1-BEBEC519F408}.Release|Any CPU.Build.0 = Release|Any CPU
		{9FF16835-86F3-4148-99B7-402A7C31D79F}.Debug|Any CPU.ActiveCfg = Debug|Any CPU
		{9FF16835-86F3-4148-99B7-402A7C31D79F}.Debug|Any CPU.Build.0 = Debug|Any CPU
		{9FF16835-86F3-4148-99B7-402A7C31D79F}.Release|Any CPU.ActiveCfg = Release|Any CPU
		{9FF16835-86F3-4148-99B7-402A7C31D79F}.Release|Any CPU.Build.0 = Release|Any CPU
	EndGlobalSection
	GlobalSection(SolutionProperties) = preSolution
		HideSolutionNode = FALSE
	EndGlobalSection
	GlobalSection(ExtensibilityGlobals) = postSolution
		SolutionGuid = {6064EA6D-E2D3-4660-9C7E-A557666B285F}
	EndGlobalSection
EndGlobal
