
Microsoft Visual Studio Solution File, Format Version 12.00
# Visual Studio Version 17
VisualStudioVersion = 17.4.33213.308
MinimumVisualStudioVersion = 10.0.40219.1
Project("{FAE04EC0-301F-11D3-BF4B-00C04F79EFBC}") = "Binary search.cs", "Binary search.cs\Binary search.cs.csproj", "{65700667-7FC7-42CB-9B84-03945E9F32C8}"
EndProject
Global
	GlobalSection(SolutionConfigurationPlatforms) = preSolution
		Debug|Any CPU = Debug|Any CPU
		Release|Any CPU = Release|Any CPU
	EndGlobalSection
	GlobalSection(ProjectConfigurationPlatforms) = postSolution
		{65700667-7FC7-42CB-9B84-03945E9F32C8}.Debug|Any CPU.ActiveCfg = Debug|Any CPU
		{65700667-7FC7-42CB-9B84-03945E9F32C8}.Debug|Any CPU.Build.0 = Debug|Any CPU
		{65700667-7FC7-42CB-9B84-03945E9F32C8}.Release|Any CPU.ActiveCfg = Release|Any CPU
		{65700667-7FC7-42CB-9B84-03945E9F32C8}.Release|Any CPU.Build.0 = Release|Any CPU
	EndGlobalSection
	GlobalSection(SolutionProperties) = preSolution
		HideSolutionNode = FALSE
	EndGlobalSection
	GlobalSection(ExtensibilityGlobals) = postSolution
		SolutionGuid = {14E94D01-54CB-447B-9DB7-D6FC988732B4}
	EndGlobalSection
EndGlobal
