
Microsoft Visual Studio Solution File, Format Version 12.00
# Visual Studio Version 17
VisualStudioVersion = 17.4.33213.308
MinimumVisualStudioVersion = 10.0.40219.1
Project("{FAE04EC0-301F-11D3-BF4B-00C04F79EFBC}") = "String search.cs", "String search.cs\String search.cs.csproj", "{BCEC1BB9-4DAB-4E34-82F9-D132429C7585}"
EndProject
Global
	GlobalSection(SolutionConfigurationPlatforms) = preSolution
		Debug|Any CPU = Debug|Any CPU
		Release|Any CPU = Release|Any CPU
	EndGlobalSection
	GlobalSection(ProjectConfigurationPlatforms) = postSolution
		{BCEC1BB9-4DAB-4E34-82F9-D132429C7585}.Debug|Any CPU.ActiveCfg = Debug|Any CPU
		{BCEC1BB9-4DAB-4E34-82F9-D132429C7585}.Debug|Any CPU.Build.0 = Debug|Any CPU
		{BCEC1BB9-4DAB-4E34-82F9-D132429C7585}.Release|Any CPU.ActiveCfg = Release|Any CPU
		{BCEC1BB9-4DAB-4E34-82F9-D132429C7585}.Release|Any CPU.Build.0 = Release|Any CPU
	EndGlobalSection
	GlobalSection(SolutionProperties) = preSolution
		HideSolutionNode = FALSE
	EndGlobalSection
	GlobalSection(ExtensibilityGlobals) = postSolution
		SolutionGuid = {50742992-0571-4F66-9C91-6DBF1521B7A2}
	EndGlobalSection
EndGlobal
