
Microsoft Visual Studio Solution File, Format Version 12.00
# Visual Studio Version 17
VisualStudioVersion = 17.4.33213.308
MinimumVisualStudioVersion = 10.0.40219.1
Project("{FAE04EC0-301F-11D3-BF4B-00C04F79EFBC}") = "Generics in csharps", "Generics in csharps\Generics in csharps.csproj", "{45C77350-10C6-481D-8DF5-7745618189D4}"
EndProject
Global
	GlobalSection(SolutionConfigurationPlatforms) = preSolution
		Debug|Any CPU = Debug|Any CPU
		Release|Any CPU = Release|Any CPU
	EndGlobalSection
	GlobalSection(ProjectConfigurationPlatforms) = postSolution
		{45C77350-10C6-481D-8DF5-7745618189D4}.Debug|Any CPU.ActiveCfg = Debug|Any CPU
		{45C77350-10C6-481D-8DF5-7745618189D4}.Debug|Any CPU.Build.0 = Debug|Any CPU
		{45C77350-10C6-481D-8DF5-7745618189D4}.Release|Any CPU.ActiveCfg = Release|Any CPU
		{45C77350-10C6-481D-8DF5-7745618189D4}.Release|Any CPU.Build.0 = Release|Any CPU
	EndGlobalSection
	GlobalSection(SolutionProperties) = preSolution
		HideSolutionNode = FALSE
	EndGlobalSection
	GlobalSection(ExtensibilityGlobals) = postSolution
		SolutionGuid = {7803384A-7245-40AE-9CB5-ABC692CCDEDF}
	EndGlobalSection
EndGlobal
