
Microsoft Visual Studio Solution File, Format Version 12.00
# Visual Studio Version 17
VisualStudioVersion = 17.4.33213.308
MinimumVisualStudioVersion = 10.0.40219.1
Project("{FAE04EC0-301F-11D3-BF4B-00C04F79EFBC}") = "enum.cs", "enum.cs\enum.cs.csproj", "{AA2CAD80-5DDE-4084-A966-AC627FED0307}"
EndProject
Global
	GlobalSection(SolutionConfigurationPlatforms) = preSolution
		Debug|Any CPU = Debug|Any CPU
		Release|Any CPU = Release|Any CPU
	EndGlobalSection
	GlobalSection(ProjectConfigurationPlatforms) = postSolution
		{AA2CAD80-5DDE-4084-A966-AC627FED0307}.Debug|Any CPU.ActiveCfg = Debug|Any CPU
		{AA2CAD80-5DDE-4084-A966-AC627FED0307}.Debug|Any CPU.Build.0 = Debug|Any CPU
		{AA2CAD80-5DDE-4084-A966-AC627FED0307}.Release|Any CPU.ActiveCfg = Release|Any CPU
		{AA2CAD80-5DDE-4084-A966-AC627FED0307}.Release|Any CPU.Build.0 = Release|Any CPU
	EndGlobalSection
	GlobalSection(SolutionProperties) = preSolution
		HideSolutionNode = FALSE
	EndGlobalSection
	GlobalSection(ExtensibilityGlobals) = postSolution
		SolutionGuid = {4A18FC2D-3BAC-493B-8808-46A6F7AC4648}
	EndGlobalSection
EndGlobal
