
Microsoft Visual Studio Solution File, Format Version 12.00
# Visual Studio Version 17
VisualStudioVersion = 17.4.33213.308
MinimumVisualStudioVersion = 10.0.40219.1
Project("{FAE04EC0-301F-11D3-BF4B-00C04F79EFBC}") = "WindowsFormsBasics", "WindowsFormsBasics\WindowsFormsBasics.csproj", "{59CB066C-DC21-4177-8205-21F9B4B31166}"
EndProject
Global
	GlobalSection(SolutionConfigurationPlatforms) = preSolution
		Debug|Any CPU = Debug|Any CPU
		Release|Any CPU = Release|Any CPU
	EndGlobalSection
	GlobalSection(ProjectConfigurationPlatforms) = postSolution
		{59CB066C-DC21-4177-8205-21F9B4B31166}.Debug|Any CPU.ActiveCfg = Debug|Any CPU
		{59CB066C-DC21-4177-8205-21F9B4B31166}.Debug|Any CPU.Build.0 = Debug|Any CPU
		{59CB066C-DC21-4177-8205-21F9B4B31166}.Release|Any CPU.ActiveCfg = Release|Any CPU
		{59CB066C-DC21-4177-8205-21F9B4B31166}.Release|Any CPU.Build.0 = Release|Any CPU
	EndGlobalSection
	GlobalSection(SolutionProperties) = preSolution
		HideSolutionNode = FALSE
	EndGlobalSection
	GlobalSection(ExtensibilityGlobals) = postSolution
		SolutionGuid = {6A6B37B9-55C7-4C9D-A4BF-4175D166C94F}
	EndGlobalSection
EndGlobal
