
Microsoft Visual Studio Solution File, Format Version 12.00
# Visual Studio Version 17
VisualStudioVersion = 17.5.33502.453
MinimumVisualStudioVersion = 10.0.40219.1
Project("{FAE04EC0-301F-11D3-BF4B-00C04F79EFBC}") = "webapi2.Server", "webapi2\Server\webapi2.Server.csproj", "{F1870C1A-2732-47F4-8289-39D3781B8760}"
EndProject
Project("{FAE04EC0-301F-11D3-BF4B-00C04F79EFBC}") = "webapi2.Client", "webapi2\Client\webapi2.Client.csproj", "{00459E33-0FA0-45FD-90CF-EA6CDF89F09F}"
EndProject
Project("{FAE04EC0-301F-11D3-BF4B-00C04F79EFBC}") = "webapi2.Shared", "webapi2\Shared\webapi2.Shared.csproj", "{7F206A29-8E2C-42BF-81F7-19C25C4A257B}"
EndProject
Global
	GlobalSection(SolutionConfigurationPlatforms) = preSolution
		Debug|Any CPU = Debug|Any CPU
		Release|Any CPU = Release|Any CPU
	EndGlobalSection
	GlobalSection(ProjectConfigurationPlatforms) = postSolution
		{F1870C1A-2732-47F4-8289-39D3781B8760}.Debug|Any CPU.ActiveCfg = Debug|Any CPU
		{F1870C1A-2732-47F4-8289-39D3781B8760}.Debug|Any CPU.Build.0 = Debug|Any CPU
		{F1870C1A-2732-47F4-8289-39D3781B8760}.Release|Any CPU.ActiveCfg = Release|Any CPU
		{F1870C1A-2732-47F4-8289-39D3781B8760}.Release|Any CPU.Build.0 = Release|Any CPU
		{00459E33-0FA0-45FD-90CF-EA6CDF89F09F}.Debug|Any CPU.ActiveCfg = Debug|Any CPU
		{00459E33-0FA0-45FD-90CF-EA6CDF89F09F}.Debug|Any CPU.Build.0 = Debug|Any CPU
		{00459E33-0FA0-45FD-90CF-EA6CDF89F09F}.Release|Any CPU.ActiveCfg = Release|Any CPU
		{00459E33-0FA0-45FD-90CF-EA6CDF89F09F}.Release|Any CPU.Build.0 = Release|Any CPU
		{7F206A29-8E2C-42BF-81F7-19C25C4A257B}.Debug|Any CPU.ActiveCfg = Debug|Any CPU
		{7F206A29-8E2C-42BF-81F7-19C25C4A257B}.Debug|Any CPU.Build.0 = Debug|Any CPU
		{7F206A29-8E2C-42BF-81F7-19C25C4A257B}.Release|Any CPU.ActiveCfg = Release|Any CPU
		{7F206A29-8E2C-42BF-81F7-19C25C4A257B}.Release|Any CPU.Build.0 = Release|Any CPU
	EndGlobalSection
	GlobalSection(SolutionProperties) = preSolution
		HideSolutionNode = FALSE
	EndGlobalSection
	GlobalSection(ExtensibilityGlobals) = postSolution
		SolutionGuid = {0462A06F-82D7-4838-ABB0-8131FC3FE296}
	EndGlobalSection
EndGlobal
