
Microsoft Visual Studio Solution File, Format Version 12.00
# Visual Studio Version 17
VisualStudioVersion = 17.4.33213.308
MinimumVisualStudioVersion = 10.0.40219.1
Project("{FAE04EC0-301F-11D3-BF4B-00C04F79EFBC}") = "Dictionary", "Dictionary.csproj", "{2ABBC357-38DA-4526-BEE8-A95057E47AFD}"
EndProject
Global
	GlobalSection(SolutionConfigurationPlatforms) = preSolution
		Debug|Any CPU = Debug|Any CPU
		Release|Any CPU = Release|Any CPU
	EndGlobalSection
	GlobalSection(ProjectConfigurationPlatforms) = postSolution
		{2ABBC357-38DA-4526-BEE8-A95057E47AFD}.Debug|Any CPU.ActiveCfg = Debug|Any CPU
		{2ABBC357-38DA-4526-BEE8-A95057E47AFD}.Debug|Any CPU.Build.0 = Debug|Any CPU
		{2ABBC357-38DA-4526-BEE8-A95057E47AFD}.Release|Any CPU.ActiveCfg = Release|Any CPU
		{2ABBC357-38DA-4526-BEE8-A95057E47AFD}.Release|Any CPU.Build.0 = Release|Any CPU
	EndGlobalSection
	GlobalSection(SolutionProperties) = preSolution
		HideSolutionNode = FALSE
	EndGlobalSection
	GlobalSection(ExtensibilityGlobals) = postSolution
		SolutionGuid = {9F0279F9-25B6-45C0-A7B7-1B51DF00C150}
	EndGlobalSection
EndGlobal
