
Microsoft Visual Studio Solution File, Format Version 12.00
# Visual Studio Version 17
VisualStudioVersion = 17.5.33502.453
MinimumVisualStudioVersion = 10.0.40219.1
Project("{FAE04EC0-301F-11D3-BF4B-00C04F79EFBC}") = "abstract1", "abstract1\abstract1.csproj", "{D680A879-613E-4602-BB50-67F5F04A90E9}"
EndProject
Global
	GlobalSection(SolutionConfigurationPlatforms) = preSolution
		Debug|Any CPU = Debug|Any CPU
		Release|Any CPU = Release|Any CPU
	EndGlobalSection
	GlobalSection(ProjectConfigurationPlatforms) = postSolution
		{D680A879-613E-4602-BB50-67F5F04A90E9}.Debug|Any CPU.ActiveCfg = Debug|Any CPU
		{D680A879-613E-4602-BB50-67F5F04A90E9}.Debug|Any CPU.Build.0 = Debug|Any CPU
		{D680A879-613E-4602-BB50-67F5F04A90E9}.Release|Any CPU.ActiveCfg = Release|Any CPU
		{D680A879-613E-4602-BB50-67F5F04A90E9}.Release|Any CPU.Build.0 = Release|Any CPU
	EndGlobalSection
	GlobalSection(SolutionProperties) = preSolution
		HideSolutionNode = FALSE
	EndGlobalSection
	GlobalSection(ExtensibilityGlobals) = postSolution
		SolutionGuid = {9DDF3C18-6B4F-4399-876E-461FC9DBAC6A}
	EndGlobalSection
EndGlobal
