
Microsoft Visual Studio Solution File, Format Version 12.00
# Visual Studio Version 17
VisualStudioVersion = 17.4.33213.308
MinimumVisualStudioVersion = 10.0.40219.1
Project("{FAE04EC0-301F-11D3-BF4B-00C04F79EFBC}") = "password authentication.cs", "password authentication.cs\password authentication.cs.csproj", "{1DE73C2C-0BA7-41D1-BDC3-8AC06193771A}"
EndProject
Global
	GlobalSection(SolutionConfigurationPlatforms) = preSolution
		Debug|Any CPU = Debug|Any CPU
		Release|Any CPU = Release|Any CPU
	EndGlobalSection
	GlobalSection(ProjectConfigurationPlatforms) = postSolution
		{1DE73C2C-0BA7-41D1-BDC3-8AC06193771A}.Debug|Any CPU.ActiveCfg = Debug|Any CPU
		{1DE73C2C-0BA7-41D1-BDC3-8AC06193771A}.Debug|Any CPU.Build.0 = Debug|Any CPU
		{1DE73C2C-0BA7-41D1-BDC3-8AC06193771A}.Release|Any CPU.ActiveCfg = Release|Any CPU
		{1DE73C2C-0BA7-41D1-BDC3-8AC06193771A}.Release|Any CPU.Build.0 = Release|Any CPU
	EndGlobalSection
	GlobalSection(SolutionProperties) = preSolution
		HideSolutionNode = FALSE
	EndGlobalSection
	GlobalSection(ExtensibilityGlobals) = postSolution
		SolutionGuid = {77051F3B-AABF-4757-A5D5-3B2C308E3263}
	EndGlobalSection
EndGlobal
