
Microsoft Visual Studio Solution File, Format Version 12.00
# Visual Studio Version 17
VisualStudioVersion = 17.4.33213.308
MinimumVisualStudioVersion = 10.0.40219.1
Project("{FAE04EC0-301F-11D3-BF4B-00C04F79EFBC}") = "Sorting.cs", "Sorting.cs\Sorting.cs.csproj", "{5CEF71A5-FB2F-425B-AE05-EC383F034909}"
EndProject
Global
	GlobalSection(SolutionConfigurationPlatforms) = preSolution
		Debug|Any CPU = Debug|Any CPU
		Release|Any CPU = Release|Any CPU
	EndGlobalSection
	GlobalSection(ProjectConfigurationPlatforms) = postSolution
		{5CEF71A5-FB2F-425B-AE05-EC383F034909}.Debug|Any CPU.ActiveCfg = Debug|Any CPU
		{5CEF71A5-FB2F-425B-AE05-EC383F034909}.Debug|Any CPU.Build.0 = Debug|Any CPU
		{5CEF71A5-FB2F-425B-AE05-EC383F034909}.Release|Any CPU.ActiveCfg = Release|Any CPU
		{5CEF71A5-FB2F-425B-AE05-EC383F034909}.Release|Any CPU.Build.0 = Release|Any CPU
	EndGlobalSection
	GlobalSection(SolutionProperties) = preSolution
		HideSolutionNode = FALSE
	EndGlobalSection
	GlobalSection(ExtensibilityGlobals) = postSolution
		SolutionGuid = {2C09D3F1-6125-41F5-A1AB-27542416A045}
	EndGlobalSection
EndGlobal
